
Microsoft Visual Studio Solution File, Format Version 12.00
# Visual Studio Version 16
VisualStudioVersion = 16.0.30907.101
MinimumVisualStudioVersion = 10.0.40219.1
Project("{FAE04EC0-301F-11D3-BF4B-00C04F79EFBC}") = "Spider", "Spider\Spider.csproj", "{F000CFF1-55EC-4142-83C2-6936007DE12B}"
EndProject
Global
	GlobalSection(SolutionConfigurationPlatforms) = preSolution
		Debug|Any CPU = Debug|Any CPU
		Release|Any CPU = Release|Any CPU
	EndGlobalSection
	GlobalSection(ProjectConfigurationPlatforms) = postSolution
		{F000CFF1-55EC-4142-83C2-6936007DE12B}.Debug|Any CPU.ActiveCfg = Debug|Any CPU
		{F000CFF1-55EC-4142-83C2-6936007DE12B}.Debug|Any CPU.Build.0 = Debug|Any CPU
		{F000CFF1-55EC-4142-83C2-6936007DE12B}.Release|Any CPU.ActiveCfg = Release|Any CPU
		{F000CFF1-55EC-4142-83C2-6936007DE12B}.Release|Any CPU.Build.0 = Release|Any CPU
	EndGlobalSection
	GlobalSection(SolutionProperties) = preSolution
		HideSolutionNode = FALSE
	EndGlobalSection
	GlobalSection(ExtensibilityGlobals) = postSolution
		SolutionGuid = {5B8D7497-0DC9-4F42-8911-AB752F9AE718}
	EndGlobalSection
EndGlobal
